PODS:
  - AsyncDisplayKit (2.0-beta.1):
    - AsyncDisplayKit/PINRemoteImage (= 2.0-beta.1)
  - AsyncDisplayKit/ASDealloc2MainObject (2.0-beta.1)
  - AsyncDisplayKit/Core (2.0-beta.1):
    - AsyncDisplayKit/ASDealloc2MainObject
  - AsyncDisplayKit/PINRemoteImage (2.0-beta.1):
    - AsyncDisplayKit/Core
    - PINRemoteImage/iOS (>= 3.0.0-beta.3)
  - PINCache (3.0.1-beta)
  - PINRemoteImage/Core (3.0.0-beta.3):
    - PINCache (>= 3.0.0-beta)
  - PINRemoteImage/iOS (3.0.0-beta.3):
    - PINRemoteImage/Core

DEPENDENCIES:
  - AsyncDisplayKit (from `https://github.com/TimeFaceCoder/AsyncDisplayKit.git`)

EXTERNAL SOURCES:
  AsyncDisplayKit:
    :git: https://github.com/TimeFaceCoder/AsyncDisplayKit.git

CHECKOUT OPTIONS:
  AsyncDisplayKit:
    :commit: cf1f438c651f5fe7abdc38850d43ba98e621657b
    :git: https://github.com/TimeFaceCoder/AsyncDisplayKit.git

SPEC CHECKSUMS:
  AsyncDisplayKit: 5825688cd0b447ca0e39fb16e91fc23e48fd7294
  PINCache: 6911fe422a633e18b3d3ddf2bd4f0e55e36e2892
  PINRemoteImage: 308731aa6534500e58fc211b9cc2bb7252df25ba

PODFILE CHECKSUM: 576acca437b5c6fb9e0428535144e0207d8412da

COCOAPODS: 1.0.1
